
Microsoft Visual Studio Solution File, Format Version 12.00
# Visual Studio Version 17
VisualStudioVersion = 17.13.35913.81 d17.13
MinimumVisualStudioVersion = 10.0.40219.1
Project("{FAE04EC0-301F-11D3-BF4B-00C04F79EFBC}") = "Lab6CS", "Lab6CS.csproj", "{49794E15-8378-43D3-9C1F-44AE7CB5AF60}"
EndProject
Global
	GlobalSection(SolutionConfigurationPlatforms) = preSolution
		Debug|Any CPU = Debug|Any CPU
		Release|Any CPU = Release|Any CPU
	EndGlobalSection
	GlobalSection(ProjectConfigurationPlatforms) = postSolution
		{49794E15-8378-43D3-9C1F-44AE7CB5AF60}.Debug|Any CPU.ActiveCfg = Debug|Any CPU
		{49794E15-8378-43D3-9C1F-44AE7CB5AF60}.Debug|Any CPU.Build.0 = Debug|Any CPU
		{49794E15-8378-43D3-9C1F-44AE7CB5AF60}.Release|Any CPU.ActiveCfg = Release|Any CPU
		{49794E15-8378-43D3-9C1F-44AE7CB5AF60}.Release|Any CPU.Build.0 = Release|Any CPU
	EndGlobalSection
	GlobalSection(SolutionProperties) = preSolution
		HideSolutionNode = FALSE
	EndGlobalSection
	GlobalSection(ExtensibilityGlobals) = postSolution
		SolutionGuid = {4BABA36E-54D5-49DF-8C75-76A6E0BC7FF4}
	EndGlobalSection
EndGlobal
